# This file is autogenerated, do not edit; changes may be undone by the next 'dep ensure'.


[[projects]]
  digest = "1:9f3b30d9f8e0d7040f729b82dcbc8f0dead820a133b3147ce355fc451f32d761"
  name = "github.com/BurntSushi/toml"
  packages = ["."]
  pruneopts = "UT"
  revision = "3012a1dbe2e4bd1391d42b32f0577cb7bbc7f005"
  version = "v0.3.1"

[[projects]]
  branch = "master"
  digest = "1:d4bdf20b93b78346d40681c66ee5133839780911140b70ef553f117b2a963cb7"
  name = "github.com/CloudyKit/fastprinter"
  packages = ["."]
  pruneopts = "UT"
  revision = "74b38d55f37af5d6c05ca11147d616b613a3420e"

[[projects]]
  digest = "1:5803f73e8574ed21d2d746b4abe020acea49e64838dcc97c8ae76e3b93f36964"
  name = "github.com/CloudyKit/jet"
  packages = ["."]
  pruneopts = "UT"
  revision = "2b064536b25ab0e9c54245f9e2cc5bd4766033fe"
  version = "v2.1.2"

[[projects]]
  digest = "1:dbb586456d6abd7aa1e0f093fcd697e7196289dabc014e4881fa310083a49e8b"
  name = "github.com/Joker/jade"
  packages = ["."]
  pruneopts = "UT"
  revision = "4710ad025334997818170b241797d42a707e912b"
  version = "v1.0.0"

[[projects]]
  branch = "master"
  digest = "1:f3d644e4f9c0f3c3a23c0556df749b111bea11cf9f083f975659d8206535d06f"
  name = "github.com/Shopify/goreferrer"
  packages = ["."]
  pruneopts = "UT"
  revision = "ec9c9a553398739f0dcf817e0ad5e01c4e7dcd08"

[[projects]]
  digest = "1:4333e9d9cc731d01e67e19c33da46e95860b95f8b8032bc586d69b169e1b0c1b"
  name = "github.com/aymerick/raymond"
  packages = [
    ".",
    "ast",
    "lexer",
    "parser"
  ]
  pruneopts = "UT"
  revision = "2eebd0f5dd9564c0c6e439df11d8a3c7b9b9ab11"
  version = "v2.0.2"

[[projects]]
  branch = "master"
  digest = "1:f524f46fd5c8f8ae8bef1f754683f2fbb951fb616010be6ff6eed9a6e4082fd7"
  name = "github.com/eknkc/amber"
  packages = [
    ".",
    "parser"
  ]
  pruneopts = "UT"
  revision = "cdade1c073850f4ffc70a829e31235ea6892853b"

[[projects]]
  digest = "1:af43bdaaf86655a2343f113e9b293bbc16b12099eaeb223982bbe4d4c22ba14d"
  name = "github.com/fatih/structs"
  packages = ["."]
  pruneopts = "UT"
  revision = "4966fc68f5b7593aafa6cbbba2d65ec6e1416047"
  version = "v1.1.0"

[[projects]]
  digest = "1:434aab943cc1c082c9df36bd4b1f107d9ef4af930d2ce13d3f2eb008df9196f0"
  name = "github.com/flosch/pongo2"
  packages = ["."]
  pruneopts = "UT"
  revision = "5e81b817a0c48c1c57cdf1a9056cf76bdee02ca9"
  version = "v3.0"

[[projects]]
  digest = "1:8a2a940fd81980cd5394dbb60a8f9ab49b5d8195e52cddec562b9a40eab394f0"
  name = "github.com/iris-contrib/blackfriday"
  packages = ["."]
  pruneopts = "UT"
  revision = "48b3da6a6f3865c7eb1eba96d74cf0a16f63faca"
  version = "v2.0.0"

[[projects]]
  digest = "1:ff6b0586c0621a76832cf783eee58cbb9d9795d2ce8acbc199a4131db11c42a9"
  name = "github.com/iris-contrib/go.uuid"
  packages = ["."]
  pruneopts = "UT"
  revision = "36e9d2ebbde5e3f13ab2e25625fd453271d6522e"
  version = "v2.0.0"

[[projects]]
  digest = "1:fd75a3ba7d5c7e1583139dd19b99159a54cba3ccc09d5e3d50b1325e3cf62137"
  name = "github.com/iris-contrib/schema"
  packages = ["."]
  pruneopts = "UT"
  revision = "1f5dc3fa1ac517978c014cb1df99540fa5b17f7e"
  version = "v0.0.1"

[[projects]]
  digest = "1:beb5b4f42a25056f0aa291b5eadd21e2f2903a05d15dfe7caf7eaee7e12fa972"
  name = "github.com/json-iterator/go"
  packages = ["."]
  pruneopts = "UT"
  revision = "03217c3e97663914aec3faafde50d081f197a0a2"
  version = "1.1.8"

[[projects]]
  digest = "1:8b17abf9e6a57fee38f9e67e8a736b79f0c09241fc0fa83414c95c8c56c282fd"
  name = "github.com/kataras/golog"
  packages = ["."]
  pruneopts = "UT"
  revision = "19157c2f233395a67689a25a8609c4d9e99900ec"
  version = "v0.0.9"

[[projects]]
  digest = "1:046f597e5d0be97802341d35fecdc892ef9003595b0aea48f297c51cb12d34d4"
  name = "github.com/kataras/iris"
  packages = [
    ".",
    "cache",
    "cache/cfg",
    "cache/client",
    "cache/client/rule",
    "cache/entry",
    "cache/ruleset",
    "cache/uri",
    "context",
    "core/errors",
    "core/handlerconv",
    "core/host",
    "core/memstore",
    "core/netutil",
    "core/router",
    "macro",
    "macro/handler",
    "macro/interpreter/ast",
    "macro/interpreter/lexer",
    "macro/interpreter/parser",
    "macro/interpreter/token",
    "middleware/logger",
    "middleware/recover",
    "view"
  ]
  pruneopts = "UT"
  revision = "d466f8cd92e19a766a87d0ab22f2d6269cff5dec"
  version = "v11.2.8"

[[projects]]
  branch = "master"
  digest = "1:163dcd10b3706f00c405ef6a9813fabdf5df3772715865dc42b835e54c1af08c"
  name = "github.com/kataras/pio"
  packages = [
    ".",
    "terminal"
  ]
  pruneopts = "UT"
  revision = "ea782b38602d1e5df3c2b891978a1f80d917a6bd"

[[projects]]
  digest = "1:b7fee69436ad75a26f96fc9a56f960734e70f6546be5060ab8b0c164469a8263"
  name = "github.com/klauspost/compress"
  packages = [
    "flate",
    "gzip"
  ]
  pruneopts = "UT"
  revision = "da9470192e5d0ad619defde5ded583e5e907d3e8"
  version = "v1.8.6"

[[projects]]
  digest = "1:923c4d7194b42e054b2eb8a6c62824ac55e23ececc1c7e48d4da69c971c55954"
  name = "github.com/klauspost/cpuid"
  packages = ["."]
  pruneopts = "UT"
  revision = "05a8198c0f5a27739aec358908d7e12c64ce6eb7"
  version = "v1.2.1"

[[projects]]
  digest = "1:6ff1026b8d873d074ddec82ad60bb0eb537dc013f456ef26b63d30beba2f99e7"
  name = "github.com/microcosm-cc/bluemonday"
  packages = ["."]
  pruneopts = "UT"
  revision = "506f3da9b7c86d737e91f16b7431df8635871552"
  version = "v1.0.2"

[[projects]]
  digest = "1:33422d238f147d247752996a26574ac48dcf472976eda7f5134015f06bf16563"
  name = "github.com/modern-go/concurrent"
  packages = ["."]
  pruneopts = "UT"
  revision = "bacd9c7ef1dd9b15be4a9909b8ac7a4e313eec94"
  version = "1.0.3"

[[projects]]
  digest = "1:e32bdbdb7c377a07a9a46378290059822efdce5c8d96fe71940d87cb4f918855"
  name = "github.com/modern-go/reflect2"
  packages = ["."]
  pruneopts = "UT"
  revision = "4b7aa43c6742a2c18fdef89dd197aaae7dac7ccd"
  version = "1.0.1"

[[projects]]
  digest = "1:4a0ab26712dc866a15584f83a6004f447e692f69fdbcdfc61ea2f32836bd7065"
  name = "github.com/ryanuber/columnize"
  packages = ["."]
  pruneopts = "UT"
  revision = "9e6335e58db3b4cfe3c3c5c881f51ffbc1091b34"
  version = "v2.1.1"

[[projects]]
  digest = "1:9421f6e9e28ef86933e824b5caff441366f2b69bb281085b9dca40e1f27a1602"
  name = "github.com/shurcooL/sanitized_anchor_name"
  packages = ["."]
  pruneopts = "UT"
  revision = "7bfe4c7ecddb3666a94b053b422cdd8f5aaa3615"
  version = "v1.0.0"

[[projects]]
  branch = "master"
  digest = "1:abe48994520e8e006df4fe59f4c76ff5955be6cb0e80bf603a7168a20e0e2e72"
  name = "golang.org/x/crypto"
  packages = [
    "acme",
    "acme/autocert"
  ]
  pruneopts = "UT"
  revision = "87dc89f01550277dc22b74ffcf4cd89fa2f40f4c"

[[projects]]
  branch = "master"
  digest = "1:830826d1a462e53819984a37acb92809a1dce3a74cd295a60f1f94988cf83353"
  name = "golang.org/x/net"
  packages = [
    "html",
    "html/atom",
    "idna",
    "publicsuffix"
  ]
  pruneopts = "UT"
  revision = "da9a3fd4c5820e74b24a6cb7fb438dc9b0dd377c"

[[projects]]
  branch = "master"
  digest = "1:1b4659321ce4f2c003bd052a71087f420a949690fe6b08772709099035c07eaa"
  name = "golang.org/x/sys"
  packages = ["unix"]
  pruneopts = "UT"
  revision = "727590c5006e77ca5247972f47e877f4929fc985"

[[projects]]
  digest = "1:8d8faad6b12a3a4c819a3f9618cb6ee1fa1cfc33253abeeea8b55336721e3405"
  name = "golang.org/x/text"
  packages = [
    "collate",
    "collate/build",
    "internal/colltab",
    "internal/gen",
    "internal/language",
    "internal/language/compact",
    "internal/tag",
    "internal/triegen",
    "internal/ucd",
    "language",
    "secure/bidirule",
    "transform",
    "unicode/bidi",
    "unicode/cldr",
    "unicode/norm",
    "unicode/rangetable"
  ]
  pruneopts = "UT"
  revision = "342b2e1fbaa52c93f31447ad2c6abc048c63e475"
  version = "v0.3.2"

[[projects]]
  digest = "1:59f10c1537d2199d9115d946927fe31165959a95190849c82ff11e05803528b0"
  name = "gopkg.in/yaml.v2"
  packages = ["."]
  pruneopts = "UT"
  revision = "f221b8435cfb71e54062f6c6e99e9ade30b124d5"
  version = "v2.2.4"

[solve-meta]
  analyzer-name = "dep"
  analyzer-version = 1
  input-imports = [
    "github.com/kataras/iris",
    "github.com/kataras/iris/middleware/logger",
    "github.com/kataras/iris/middleware/recover"
  ]
  solver-name = "gps-cdcl"
  solver-version = 1
